
Microsoft Visual Studio Solution File, Format Version 12.00
# Visual Studio Version 16
VisualStudioVersion = 16.0.30225.117
MinimumVisualStudioVersion = 10.0.40219.1
Project("{FAE04EC0-301F-11D3-BF4B-00C04F79EFBC}") = "MyStockTradeViewer", "MyStockTradeViewer\MyStockTradeViewer.csproj", "{799CEC7E-600E-4DBC-B7E0-AC40A36524A8}"
EndProject
Global
	GlobalSection(SolutionConfigurationPlatforms) = preSolution
		Debug|Any CPU = Debug|Any CPU
		Release|Any CPU = Release|Any CPU
	EndGlobalSection
	GlobalSection(ProjectConfigurationPlatforms) = postSolution
		{799CEC7E-600E-4DBC-B7E0-AC40A36524A8}.Debug|Any CPU.ActiveCfg = Debug|Any CPU
		{799CEC7E-600E-4DBC-B7E0-AC40A36524A8}.Debug|Any CPU.Build.0 = Debug|Any CPU
		{799CEC7E-600E-4DBC-B7E0-AC40A36524A8}.Release|Any CPU.ActiveCfg = Release|Any CPU
		{799CEC7E-600E-4DBC-B7E0-AC40A36524A8}.Release|Any CPU.Build.0 = Release|Any CPU
	EndGlobalSection
	GlobalSection(SolutionProperties) = preSolution
		HideSolutionNode = FALSE
	EndGlobalSection
	GlobalSection(ExtensibilityGlobals) = postSolution
		SolutionGuid = {0A417C0A-CE95-45F8-B449-EFFA0C32E243}
	EndGlobalSection
EndGlobal
